
Microsoft Visual Studio Solution File, Format Version 12.00
# Visual Studio 15
VisualStudioVersion = 15.0.28307.489
MinimumVisualStudioVersion = 10.0.40219.1
Project("{FAE04EC0-301F-11D3-BF4B-00C04F79EFBC}") = "azure-532-lab", "azure-532-lab\azure-532-lab.csproj", "{1A6B3DEC-65AF-439C-B31D-57BD0686AA66}"
EndProject
Global
	GlobalSection(SolutionConfigurationPlatforms) = preSolution
		Debug|Any CPU = Debug|Any CPU
		Release|Any CPU = Release|Any CPU
	EndGlobalSection
	GlobalSection(ProjectConfigurationPlatforms) = postSolution
		{1A6B3DEC-65AF-439C-B31D-57BD0686AA66}.Debug|Any CPU.ActiveCfg = Debug|Any CPU
		{1A6B3DEC-65AF-439C-B31D-57BD0686AA66}.Debug|Any CPU.Build.0 = Debug|Any CPU
		{1A6B3DEC-65AF-439C-B31D-57BD0686AA66}.Release|Any CPU.ActiveCfg = Release|Any CPU
		{1A6B3DEC-65AF-439C-B31D-57BD0686AA66}.Release|Any CPU.Build.0 = Release|Any CPU
	EndGlobalSection
	GlobalSection(SolutionProperties) = preSolution
		HideSolutionNode = FALSE
	EndGlobalSection
	GlobalSection(ExtensibilityGlobals) = postSolution
		SolutionGuid = {A9750550-63AE-495F-A9A5-95A1347B957A}
	EndGlobalSection
EndGlobal
